// !$*UTF8*$!
{
	archiveVersion = 1;
	classes = {
	};
	objectVersion = 46;
	objects = {

/* Begin PBXAggregateTarget section */
		6FCE5D9208F74A4C8732287F /* ZERO_CHECK */ = {
			isa = PBXAggregateTarget;
			buildConfigurationList = 3F834EFA1C9146D08BED5D98 /* Build configuration list for PBXAggregateTarget "ZERO_CHECK" */;
			buildPhases = (
				CBCD8D3AFFF548448D2AEE25 /* CMake Rules */,
			);
			dependencies = (
			);
			name = ZERO_CHECK;
			productName = ZERO_CHECK;
		};
		81DDC131A05D42549ED50B65 /* ALL_BUILD */ = {
			isa = PBXAggregateTarget;
			buildConfigurationList = 0D7793B4FD174FACADAC998F /* Build configuration list for PBXAggregateTarget "ALL_BUILD" */;
			buildPhases = (
				BFF914609CBE444DADD6EA61 /* CMake Rules */,
			);
			dependencies = (
				1938A0B4073B4B78847F3536 /* PBXTargetDependency */,
				2837045B5652497A9C8C8456 /* PBXTargetDependency */,
			);
			name = ALL_BUILD;
			productName = ALL_BUILD;
		};
/* End PBXAggregateTarget section */

/* Begin PBXBuildFile section */
		245CA326DD884E23A72495A1 /* main.cpp in Sources */ = {isa = PBXBuildFile; fileRef = FAB332A32AAB4E6EACF1E717 /* main.cpp */; };
		311D35DA1FAAC99C000B152D /* tools.cpp in Sources */ = {isa = PBXBuildFile; fileRef = 311D35D81FAAC99C000B152D /* tools.cpp */; };
		311D35DD1FAAD707000B152D /* EgoVehicle.cpp in Sources */ = {isa = PBXBuildFile; fileRef = 311D35DB1FAAD707000B152D /* EgoVehicle.cpp */; };
		3139A4A21FAEBB1500D7BAB5 /* OtherVehicle.cpp in Sources */ = {isa = PBXBuildFile; fileRef = 3139A4A01FAEBB1500D7BAB5 /* OtherVehicle.cpp */; };
/* End PBXBuildFile section */

/* Begin PBXContainerItemProxy section */
		9B8786EE6F344C6AAA5AC75C /* PBXContainerItemProxy */ = {
			isa = PBXContainerItemProxy;
			containerPortal = 4CF4C6D4D9904B19B5AD542F /* Project object */;
			proxyType = 1;
			remoteGlobalIDString = 6FCE5D9208F74A4C8732287F;
			remoteInfo = ZERO_CHECK;
		};
		ABAA0D6DF3F54305A38760BC /* PBXContainerItemProxy */ = {
			isa = PBXContainerItemProxy;
			containerPortal = 4CF4C6D4D9904B19B5AD542F /* Project object */;
			proxyType = 1;
			remoteGlobalIDString = 6FCE5D9208F74A4C8732287F;
			remoteInfo = ZERO_CHECK;
		};
		DED48B64434D45748B3B9352 /* PBXContainerItemProxy */ = {
			isa = PBXContainerItemProxy;
			containerPortal = 4CF4C6D4D9904B19B5AD542F /* Project object */;
			proxyType = 1;
			remoteGlobalIDString = D1B12AF248BD44338A4956F5;
			remoteInfo = path_planning;
		};
/* End PBXContainerItemProxy section */

/* Begin PBXFileReference section */
		2A49BFE1AE41472BB0C08DE7 /* CMakeLists.txt */ = {isa = PBXFileReference; explicitFileType = sourcecode.text; fileEncoding = 4; lastKnownFileType = text; path = CMakeLists.txt; sourceTree = SOURCE_ROOT; };
		311D35D81FAAC99C000B152D /* tools.cpp */ = {isa = PBXFileReference; fileEncoding = 4; lastKnownFileType = sourcecode.cpp.cpp; name = tools.cpp; path = src/tools.cpp; sourceTree = "<group>"; };
		311D35D91FAAC99C000B152D /* tools.h */ = {isa = PBXFileReference; fileEncoding = 4; lastKnownFileType = sourcecode.c.h; name = tools.h; path = src/tools.h; sourceTree = "<group>"; };
		311D35DB1FAAD707000B152D /* EgoVehicle.cpp */ = {isa = PBXFileReference; lastKnownFileType = sourcecode.cpp.cpp; name = EgoVehicle.cpp; path = src/EgoVehicle.cpp; sourceTree = "<group>"; };
		311D35DC1FAAD707000B152D /* EgoVehicle.h */ = {isa = PBXFileReference; lastKnownFileType = sourcecode.c.h; name = EgoVehicle.h; path = src/EgoVehicle.h; sourceTree = "<group>"; };
		3139A49F1FAE94C700D7BAB5 /* structs.h */ = {isa = PBXFileReference; lastKnownFileType = sourcecode.c.h; name = structs.h; path = src/structs.h; sourceTree = "<group>"; };
		3139A4A01FAEBB1500D7BAB5 /* OtherVehicle.cpp */ = {isa = PBXFileReference; lastKnownFileType = sourcecode.cpp.cpp; name = OtherVehicle.cpp; path = src/OtherVehicle.cpp; sourceTree = "<group>"; };
		3139A4A11FAEBB1500D7BAB5 /* OtherVehicle.h */ = {isa = PBXFileReference; lastKnownFileType = sourcecode.c.h; name = OtherVehicle.h; path = src/OtherVehicle.h; sourceTree = "<group>"; };
		31AD90851F9D661100C8F580 /* json.hpp */ = {isa = PBXFileReference; fileEncoding = 4; lastKnownFileType = sourcecode.cpp.h; name = json.hpp; path = src/json.hpp; sourceTree = "<group>"; };
		31B107041FA59E5100F5CB1F /* spline.h */ = {isa = PBXFileReference; fileEncoding = 4; lastKnownFileType = sourcecode.c.h; name = spline.h; path = src/spline/src/spline.h; sourceTree = "<group>"; };
		5C13F60656F54DB4A3C84A72 /* CMakeLists.txt */ = {isa = PBXFileReference; explicitFileType = sourcecode.text; fileEncoding = 4; lastKnownFileType = text; path = CMakeLists.txt; sourceTree = SOURCE_ROOT; };
		5E48BC462C24420FBFC51A8E /* CMakeLists.txt */ = {isa = PBXFileReference; explicitFileType = sourcecode.text; fileEncoding = 4; lastKnownFileType = text; path = CMakeLists.txt; sourceTree = SOURCE_ROOT; };
		CCFA030C77D243A6996C945F /* path_planning */ = {isa = PBXFileReference; explicitFileType = "compiled.mach-o.executable"; path = path_planning; sourceTree = BUILT_PRODUCTS_DIR; };
		FAB332A32AAB4E6EACF1E717 /* main.cpp */ = {isa = PBXFileReference; explicitFileType = sourcecode.cpp.cpp; fileEncoding = 4; name = main.cpp; path = src/main.cpp; sourceTree = SOURCE_ROOT; };
/* End PBXFileReference section */

/* Begin PBXGroup section */
		2D9F27004F614829A5BCA77E /* path_planning */ = {
			isa = PBXGroup;
			children = (
				4C155674C4B647E49947CED3 /* Source Files */,
				5C13F60656F54DB4A3C84A72 /* CMakeLists.txt */,
			);
			name = path_planning;
			sourceTree = "<group>";
		};
		4C155674C4B647E49947CED3 /* Source Files */ = {
			isa = PBXGroup;
			children = (
				311D35D81FAAC99C000B152D /* tools.cpp */,
				311D35D91FAAC99C000B152D /* tools.h */,
				31B107041FA59E5100F5CB1F /* spline.h */,
				31AD90851F9D661100C8F580 /* json.hpp */,
				FAB332A32AAB4E6EACF1E717 /* main.cpp */,
				311D35DB1FAAD707000B152D /* EgoVehicle.cpp */,
				311D35DC1FAAD707000B152D /* EgoVehicle.h */,
				3139A49F1FAE94C700D7BAB5 /* structs.h */,
				3139A4A01FAEBB1500D7BAB5 /* OtherVehicle.cpp */,
				3139A4A11FAEBB1500D7BAB5 /* OtherVehicle.h */,
			);
			name = "Source Files";
			sourceTree = "<group>";
		};
		70B734EEDFF84DB09A27E647 /* ALL_BUILD */ = {
			isa = PBXGroup;
			children = (
				C8A48F9D4E7A4BC6B721B954 /* CMake Rules */,
				5E48BC462C24420FBFC51A8E /* CMakeLists.txt */,
			);
			name = ALL_BUILD;
			sourceTree = "<group>";
		};
		767BFC8E07384908A349EA22 /* ZERO_CHECK */ = {
			isa = PBXGroup;
			children = (
				C30D253CA2EA4C7696359E42 /* CMake Rules */,
				2A49BFE1AE41472BB0C08DE7 /* CMakeLists.txt */,
			);
			name = ZERO_CHECK;
			sourceTree = "<group>";
		};
		8A5DCF289C2944AEA21519E3 /* Products */ = {
			isa = PBXGroup;
			children = (
				CCFA030C77D243A6996C945F /* path_planning */,
			);
			name = Products;
			sourceTree = "<group>";
		};
		C30D253CA2EA4C7696359E42 /* CMake Rules */ = {
			isa = PBXGroup;
			children = (
			);
			name = "CMake Rules";
			sourceTree = "<group>";
		};
		C8A48F9D4E7A4BC6B721B954 /* CMake Rules */ = {
			isa = PBXGroup;
			children = (
			);
			name = "CMake Rules";
			sourceTree = "<group>";
		};
		CC79CC92AA4C4233978812AA = {
			isa = PBXGroup;
			children = (
				2D9F27004F614829A5BCA77E /* path_planning */,
				70B734EEDFF84DB09A27E647 /* ALL_BUILD */,
				767BFC8E07384908A349EA22 /* ZERO_CHECK */,
				8A5DCF289C2944AEA21519E3 /* Products */,
			);
			sourceTree = "<group>";
		};
/* End PBXGroup section */

/* Begin PBXNativeTarget section */
		D1B12AF248BD44338A4956F5 /* path_planning */ = {
			isa = PBXNativeTarget;
			buildConfigurationList = BD32A4A1DE744AD89B0F5115 /* Build configuration list for PBXNativeTarget "path_planning" */;
			buildPhases = (
				1351BD77FA1D4A54A3028140 /* Sources */,
			);
			buildRules = (
			);
			dependencies = (
				9E644E956AB949EE9375442F /* PBXTargetDependency */,
			);
			name = path_planning;
			productName = path_planning;
			productReference = CCFA030C77D243A6996C945F /* path_planning */;
			productType = "com.apple.product-type.tool";
		};
/* End PBXNativeTarget section */

/* Begin PBXProject section */
		4CF4C6D4D9904B19B5AD542F /* Project object */ = {
			isa = PBXProject;
			attributes = {
				BuildIndependentTargetsInParallel = YES;
				LastUpgradeCheck = 0900;
			};
			buildConfigurationList = 0761D2BEEB3F4FDA8C7508B6 /* Build configuration list for PBXProject "Path_Planning" */;
			compatibilityVersion = "Xcode 3.2";
			developmentRegion = en;
			hasScannedForEncodings = 0;
			knownRegions = (
				en,
			);
			mainGroup = CC79CC92AA4C4233978812AA;
			projectDirPath = "";
			projectRoot = "";
			targets = (
				81DDC131A05D42549ED50B65 /* ALL_BUILD */,
				6FCE5D9208F74A4C8732287F /* ZERO_CHECK */,
				D1B12AF248BD44338A4956F5 /* path_planning */,
			);
		};
/* End PBXProject section */

/* Begin PBXShellScriptBuildPhase section */
		BFF914609CBE444DADD6EA61 /* CMake Rules */ = {
			isa = PBXShellScriptBuildPhase;
			buildActionMask = 2147483647;
			files = (
			);
			name = "CMake Rules";
			outputPaths = (
				"/Users/KrazyK/Documents/Udacity/CarND-Path-Planning/CarND-Path-Planning-Project-Submission/CMakeFiles/ALL_BUILD",
			);
			runOnlyForDeploymentPostprocessing = 0;
			shellPath = /bin/sh;
			shellScript = "make -C /Users/KrazyK/Documents/Udacity/CarND-Path-Planning/CarND-Path-Planning-Project-Submission -f /Users/KrazyK/Documents/Udacity/CarND-Path-Planning/CarND-Path-Planning-Project-Submission/CMakeScripts/ALL_BUILD_cmakeRulesBuildPhase.make$CONFIGURATION all";
			showEnvVarsInLog = 0;
		};
		CBCD8D3AFFF548448D2AEE25 /* CMake Rules */ = {
			isa = PBXShellScriptBuildPhase;
			buildActionMask = 2147483647;
			files = (
			);
			name = "CMake Rules";
			outputPaths = (
				"/Users/KrazyK/Documents/Udacity/CarND-Path-Planning/CarND-Path-Planning-Project-Submission/CMakeFiles/ZERO_CHECK",
			);
			runOnlyForDeploymentPostprocessing = 0;
			shellPath = /bin/sh;
			shellScript = "make -C /Users/KrazyK/Documents/Udacity/CarND-Path-Planning/CarND-Path-Planning-Project-Submission -f /Users/KrazyK/Documents/Udacity/CarND-Path-Planning/CarND-Path-Planning-Project-Submission/CMakeScripts/ZERO_CHECK_cmakeRulesBuildPhase.make$CONFIGURATION all";
			showEnvVarsInLog = 0;
		};
/* End PBXShellScriptBuildPhase section */

/* Begin PBXSourcesBuildPhase section */
		1351BD77FA1D4A54A3028140 /* Sources */ = {
			isa = PBXSourcesBuildPhase;
			buildActionMask = 2147483647;
			files = (
				245CA326DD884E23A72495A1 /* main.cpp in Sources */,
				311D35DA1FAAC99C000B152D /* tools.cpp in Sources */,
				311D35DD1FAAD707000B152D /* EgoVehicle.cpp in Sources */,
				3139A4A21FAEBB1500D7BAB5 /* OtherVehicle.cpp in Sources */,
			);
			runOnlyForDeploymentPostprocessing = 0;
		};
/* End PBXSourcesBuildPhase section */

/* Begin PBXTargetDependency section */
		1938A0B4073B4B78847F3536 /* PBXTargetDependency */ = {
			isa = PBXTargetDependency;
			target = D1B12AF248BD44338A4956F5 /* path_planning */;
			targetProxy = DED48B64434D45748B3B9352 /* PBXContainerItemProxy */;
		};
		2837045B5652497A9C8C8456 /* PBXTargetDependency */ = {
			isa = PBXTargetDependency;
			target = 6FCE5D9208F74A4C8732287F /* ZERO_CHECK */;
			targetProxy = ABAA0D6DF3F54305A38760BC /* PBXContainerItemProxy */;
		};
		9E644E956AB949EE9375442F /* PBXTargetDependency */ = {
			isa = PBXTargetDependency;
			target = 6FCE5D9208F74A4C8732287F /* ZERO_CHECK */;
			targetProxy = 9B8786EE6F344C6AAA5AC75C /* PBXContainerItemProxy */;
		};
/* End PBXTargetDependency section */

/* Begin XCBuildConfiguration section */
		0838F63C25AC4FFE9550CA52 /* Release */ = {
			isa = XCBuildConfiguration;
			buildSettings = {
				COMBINE_HIDPI_IMAGES = YES;
				GCC_GENERATE_DEBUGGING_SYMBOLS = YES;
				GCC_INLINES_ARE_PRIVATE_EXTERN = NO;
				GCC_OPTIMIZATION_LEVEL = 0;
				GCC_PREPROCESSOR_DEFINITIONS = "'CMAKE_INTDIR=\"$(CONFIGURATION)$(EFFECTIVE_PLATFORM_NAME)\"'";
				GCC_SYMBOLS_PRIVATE_EXTERN = NO;
				HEADER_SEARCH_PATHS = (
					/usr/local/include,
					/usr/local/opt/openssl/include,
				);
				INSTALL_PATH = "";
				OTHER_LDFLAGS = " ";
				OTHER_REZFLAGS = "";
				PRODUCT_NAME = ZERO_CHECK;
				SECTORDER_FLAGS = "";
				SYMROOT = "/Users/KrazyK/Documents/Udacity/CarND-Path-Planning/CarND-Path-Planning-Project-Submission";
				USE_HEADERMAP = NO;
				WARNING_CFLAGS = (
					"-Wmost",
					"-Wno-four-char-constants",
					"-Wno-unknown-pragmas",
					"$(inherited)",
				);
			};
			name = Release;
		};
		18757603A400432386E047BD /* MinSizeRel */ = {
			isa = XCBuildConfiguration;
			buildSettings = {
				COMBINE_HIDPI_IMAGES = YES;
				EXECUTABLE_PREFIX = "";
				EXECUTABLE_SUFFIX = "";
				GCC_GENERATE_DEBUGGING_SYMBOLS = NO;
				GCC_INLINES_ARE_PRIVATE_EXTERN = NO;
				GCC_OPTIMIZATION_LEVEL = s;
				GCC_PREPROCESSOR_DEFINITIONS = "'CMAKE_INTDIR=\"$(CONFIGURATION)$(EFFECTIVE_PLATFORM_NAME)\"'";
				GCC_SYMBOLS_PRIVATE_EXTERN = NO;
				HEADER_SEARCH_PATHS = (
					/usr/local/include,
					/usr/local/opt/openssl/include,
				);
				INSTALL_PATH = "";
				LD_RUNPATH_SEARCH_PATHS = "/usr/local/lib /usr/local/opt/openssl/lib /usr/local/Cellar/libuv/1.11.0/lib";
				LIBRARY_SEARCH_PATHS = (
					"/usr/local/lib/$(CONFIGURATION)$(EFFECTIVE_PLATFORM_NAME)",
					/usr/local/lib,
					"/usr/local/opt/openssl/lib/$(CONFIGURATION)$(EFFECTIVE_PLATFORM_NAME)",
					/usr/local/opt/openssl/lib,
					"/usr/local/Cellar/libuv/1.11.0/lib/$(CONFIGURATION)$(EFFECTIVE_PLATFORM_NAME)",
					/usr/local/Cellar/libuv/1.11.0/lib,
				);
				OTHER_CPLUSPLUSFLAGS = (
					"-DNDEBUG",
					"-std=c++11",
				);
				OTHER_LDFLAGS = (
					"-Wl,-search_paths_first",
					"-Wl,-headerpad_max_install_names",
					"-lz",
					"-lssl",
					"-luv",
					"-luWS",
				);
				OTHER_REZFLAGS = "";
				PRODUCT_NAME = path_planning;
				SECTORDER_FLAGS = "";
				SYMROOT = "/Users/KrazyK/Documents/Udacity/CarND-Path-Planning/CarND-Path-Planning-Project-Submission";
				USE_HEADERMAP = NO;
				WARNING_CFLAGS = (
					"-Wmost",
					"-Wno-four-char-constants",
					"-Wno-unknown-pragmas",
					"$(inherited)",
				);
			};
			name = MinSizeRel;
		};
		23CEED11E8704E66B375B014 /* Release */ = {
			isa = XCBuildConfiguration;
			buildSettings = {
				COMBINE_HIDPI_IMAGES = YES;
				EXECUTABLE_PREFIX = "";
				EXECUTABLE_SUFFIX = "";
				GCC_GENERATE_DEBUGGING_SYMBOLS = NO;
				GCC_INLINES_ARE_PRIVATE_EXTERN = NO;
				GCC_OPTIMIZATION_LEVEL = 3;
				GCC_PREPROCESSOR_DEFINITIONS = "'CMAKE_INTDIR=\"$(CONFIGURATION)$(EFFECTIVE_PLATFORM_NAME)\"'";
				GCC_SYMBOLS_PRIVATE_EXTERN = NO;
				HEADER_SEARCH_PATHS = (
					/usr/local/include,
					/usr/local/opt/openssl/include,
				);
				INSTALL_PATH = "";
				LD_RUNPATH_SEARCH_PATHS = "/usr/local/lib /usr/local/opt/openssl/lib /usr/local/Cellar/libuv/1.11.0/lib";
				LIBRARY_SEARCH_PATHS = (
					"/usr/local/lib/$(CONFIGURATION)$(EFFECTIVE_PLATFORM_NAME)",
					/usr/local/lib,
					"/usr/local/opt/openssl/lib/$(CONFIGURATION)$(EFFECTIVE_PLATFORM_NAME)",
					/usr/local/opt/openssl/lib,
					"/usr/local/Cellar/libuv/1.11.0/lib/$(CONFIGURATION)$(EFFECTIVE_PLATFORM_NAME)",
					/usr/local/Cellar/libuv/1.11.0/lib,
				);
				OTHER_CPLUSPLUSFLAGS = (
					"-DNDEBUG",
					"-std=c++11",
				);
				OTHER_LDFLAGS = (
					"-Wl,-search_paths_first",
					"-Wl,-headerpad_max_install_names",
					"-lz",
					"-lssl",
					"-luv",
					"-luWS",
				);
				OTHER_REZFLAGS = "";
				PRODUCT_NAME = path_planning;
				SECTORDER_FLAGS = "";
				SYMROOT = "/Users/KrazyK/Documents/Udacity/CarND-Path-Planning/CarND-Path-Planning-Project-Submission";
				USE_HEADERMAP = NO;
				WARNING_CFLAGS = (
					"-Wmost",
					"-Wno-four-char-constants",
					"-Wno-unknown-pragmas",
					"$(inherited)",
				);
			};
			name = Release;
		};
		373C0C32790C496CA7042688 /* RelWithDebInfo */ = {
			isa = XCBuildConfiguration;
			buildSettings = {
				COMBINE_HIDPI_IMAGES = YES;
				EXECUTABLE_PREFIX = "";
				EXECUTABLE_SUFFIX = "";
				GCC_GENERATE_DEBUGGING_SYMBOLS = YES;
				GCC_INLINES_ARE_PRIVATE_EXTERN = NO;
				GCC_OPTIMIZATION_LEVEL = 2;
				GCC_PREPROCESSOR_DEFINITIONS = "'CMAKE_INTDIR=\"$(CONFIGURATION)$(EFFECTIVE_PLATFORM_NAME)\"'";
				GCC_SYMBOLS_PRIVATE_EXTERN = NO;
				HEADER_SEARCH_PATHS = (
					/usr/local/include,
					/usr/local/opt/openssl/include,
				);
				INSTALL_PATH = "";
				LD_RUNPATH_SEARCH_PATHS = "/usr/local/lib /usr/local/opt/openssl/lib /usr/local/Cellar/libuv/1.11.0/lib";
				LIBRARY_SEARCH_PATHS = (
					"/usr/local/lib/$(CONFIGURATION)$(EFFECTIVE_PLATFORM_NAME)",
					/usr/local/lib,
					"/usr/local/opt/openssl/lib/$(CONFIGURATION)$(EFFECTIVE_PLATFORM_NAME)",
					/usr/local/opt/openssl/lib,
					"/usr/local/Cellar/libuv/1.11.0/lib/$(CONFIGURATION)$(EFFECTIVE_PLATFORM_NAME)",
					/usr/local/Cellar/libuv/1.11.0/lib,
				);
				OTHER_CPLUSPLUSFLAGS = (
					"-DNDEBUG",
					"-std=c++11",
				);
				OTHER_LDFLAGS = (
					"-Wl,-search_paths_first",
					"-Wl,-headerpad_max_install_names",
					"-lz",
					"-lssl",
					"-luv",
					"-luWS",
				);
				OTHER_REZFLAGS = "";
				PRODUCT_NAME = path_planning;
				SECTORDER_FLAGS = "";
				SYMROOT = "/Users/KrazyK/Documents/Udacity/CarND-Path-Planning/CarND-Path-Planning-Project-Submission";
				USE_HEADERMAP = NO;
				WARNING_CFLAGS = (
					"-Wmost",
					"-Wno-four-char-constants",
					"-Wno-unknown-pragmas",
					"$(inherited)",
				);
			};
			name = RelWithDebInfo;
		};
		4D06E82823CE4CD794BD6E1F /* Debug */ = {
			isa = XCBuildConfiguration;
			buildSettings = {
				COMBINE_HIDPI_IMAGES = YES;
				EXECUTABLE_PREFIX = "";
				EXECUTABLE_SUFFIX = "";
				GCC_GENERATE_DEBUGGING_SYMBOLS = YES;
				GCC_INLINES_ARE_PRIVATE_EXTERN = NO;
				GCC_OPTIMIZATION_LEVEL = 0;
				GCC_PREPROCESSOR_DEFINITIONS = "'CMAKE_INTDIR=\"$(CONFIGURATION)$(EFFECTIVE_PLATFORM_NAME)\"'";
				GCC_SYMBOLS_PRIVATE_EXTERN = NO;
				HEADER_SEARCH_PATHS = (
					/usr/local/include,
					/usr/local/opt/openssl/include,
				);
				INSTALL_PATH = "";
				LD_RUNPATH_SEARCH_PATHS = "/usr/local/lib /usr/local/opt/openssl/lib /usr/local/Cellar/libuv/1.11.0/lib";
				LIBRARY_SEARCH_PATHS = (
					"/usr/local/lib/$(CONFIGURATION)$(EFFECTIVE_PLATFORM_NAME)",
					/usr/local/lib,
					"/usr/local/opt/openssl/lib/$(CONFIGURATION)$(EFFECTIVE_PLATFORM_NAME)",
					/usr/local/opt/openssl/lib,
					"/usr/local/Cellar/libuv/1.11.0/lib/$(CONFIGURATION)$(EFFECTIVE_PLATFORM_NAME)",
					/usr/local/Cellar/libuv/1.11.0/lib,
				);
				OTHER_CPLUSPLUSFLAGS = "     -std=c++11";
				OTHER_LDFLAGS = (
					"-Wl,-search_paths_first",
					"-Wl,-headerpad_max_install_names",
					"-lz",
					"-lssl",
					"-luv",
					"-luWS",
				);
				OTHER_REZFLAGS = "";
				PRODUCT_NAME = path_planning;
				SECTORDER_FLAGS = "";
				SYMROOT = "/Users/KrazyK/Documents/Udacity/CarND-Path-Planning/CarND-Path-Planning-Project-Submission";
				USE_HEADERMAP = NO;
				WARNING_CFLAGS = (
					"-Wmost",
					"-Wno-four-char-constants",
					"-Wno-unknown-pragmas",
					"$(inherited)",
				);
			};
			name = Debug;
		};
		693C51B5413E4FAABDD076AE /* RelWithDebInfo */ = {
			isa = XCBuildConfiguration;
			buildSettings = {
				MACOSX_DEPLOYMENT_TARGET = 10.12;
				ONLY_ACTIVE_ARCH = YES;
				SDKROOT = /Applications/Xcode.app/Contents/Developer/Platforms/MacOSX.platform/Developer/SDKs/MacOSX10.13.sdk;
				SYMROOT = "/Users/KrazyK/Documents/Udacity/CarND-Path-Planning/CarND-Path-Planning-Project-Submission/build";
			};
			name = RelWithDebInfo;
		};
		7A2CD702F6E042D096876F06 /* RelWithDebInfo */ = {
			isa = XCBuildConfiguration;
			buildSettings = {
				COMBINE_HIDPI_IMAGES = YES;
				GCC_GENERATE_DEBUGGING_SYMBOLS = YES;
				GCC_INLINES_ARE_PRIVATE_EXTERN = NO;
				GCC_OPTIMIZATION_LEVEL = 0;
				GCC_PREPROCESSOR_DEFINITIONS = "'CMAKE_INTDIR=\"$(CONFIGURATION)$(EFFECTIVE_PLATFORM_NAME)\"'";
				GCC_SYMBOLS_PRIVATE_EXTERN = NO;
				HEADER_SEARCH_PATHS = (
					/usr/local/include,
					/usr/local/opt/openssl/include,
				);
				INSTALL_PATH = "";
				OTHER_LDFLAGS = " ";
				OTHER_REZFLAGS = "";
				PRODUCT_NAME = ALL_BUILD;
				SECTORDER_FLAGS = "";
				SYMROOT = "/Users/KrazyK/Documents/Udacity/CarND-Path-Planning/CarND-Path-Planning-Project-Submission";
				USE_HEADERMAP = NO;
				WARNING_CFLAGS = (
					"-Wmost",
					"-Wno-four-char-constants",
					"-Wno-unknown-pragmas",
					"$(inherited)",
				);
			};
			name = RelWithDebInfo;
		};
		8617CA9560C04852B328A85C /* MinSizeRel */ = {
			isa = XCBuildConfiguration;
			buildSettings = {
				COMBINE_HIDPI_IMAGES = YES;
				GCC_GENERATE_DEBUGGING_SYMBOLS = YES;
				GCC_INLINES_ARE_PRIVATE_EXTERN = NO;
				GCC_OPTIMIZATION_LEVEL = 0;
				GCC_PREPROCESSOR_DEFINITIONS = "'CMAKE_INTDIR=\"$(CONFIGURATION)$(EFFECTIVE_PLATFORM_NAME)\"'";
				GCC_SYMBOLS_PRIVATE_EXTERN = NO;
				HEADER_SEARCH_PATHS = (
					/usr/local/include,
					/usr/local/opt/openssl/include,
				);
				INSTALL_PATH = "";
				OTHER_LDFLAGS = " ";
				OTHER_REZFLAGS = "";
				PRODUCT_NAME = ALL_BUILD;
				SECTORDER_FLAGS = "";
				SYMROOT = "/Users/KrazyK/Documents/Udacity/CarND-Path-Planning/CarND-Path-Planning-Project-Submission";
				USE_HEADERMAP = NO;
				WARNING_CFLAGS = (
					"-Wmost",
					"-Wno-four-char-constants",
					"-Wno-unknown-pragmas",
					"$(inherited)",
				);
			};
			name = MinSizeRel;
		};
		8E67063E607A4DE18CC346F3 /* RelWithDebInfo */ = {
			isa = XCBuildConfiguration;
			buildSettings = {
				COMBINE_HIDPI_IMAGES = YES;
				GCC_GENERATE_DEBUGGING_SYMBOLS = YES;
				GCC_INLINES_ARE_PRIVATE_EXTERN = NO;
				GCC_OPTIMIZATION_LEVEL = 0;
				GCC_PREPROCESSOR_DEFINITIONS = "'CMAKE_INTDIR=\"$(CONFIGURATION)$(EFFECTIVE_PLATFORM_NAME)\"'";
				GCC_SYMBOLS_PRIVATE_EXTERN = NO;
				HEADER_SEARCH_PATHS = (
					/usr/local/include,
					/usr/local/opt/openssl/include,
				);
				INSTALL_PATH = "";
				OTHER_LDFLAGS = " ";
				OTHER_REZFLAGS = "";
				PRODUCT_NAME = ZERO_CHECK;
				SECTORDER_FLAGS = "";
				SYMROOT = "/Users/KrazyK/Documents/Udacity/CarND-Path-Planning/CarND-Path-Planning-Project-Submission";
				USE_HEADERMAP = NO;
				WARNING_CFLAGS = (
					"-Wmost",
					"-Wno-four-char-constants",
					"-Wno-unknown-pragmas",
					"$(inherited)",
				);
			};
			name = RelWithDebInfo;
		};
		9CBB62B180B24B6F88A287CA /* Debug */ = {
			isa = XCBuildConfiguration;
			buildSettings = {
				MACOSX_DEPLOYMENT_TARGET = 10.12;
				ONLY_ACTIVE_ARCH = YES;
				SDKROOT = /Applications/Xcode.app/Contents/Developer/Platforms/MacOSX.platform/Developer/SDKs/MacOSX10.13.sdk;
				SYMROOT = "/Users/KrazyK/Documents/Udacity/CarND-Path-Planning/CarND-Path-Planning-Project-Submission/build";
			};
			name = Debug;
		};
		AEFDC2B6F99A4D06AFD29AA7 /* Debug */ = {
			isa = XCBuildConfiguration;
			buildSettings = {
				COMBINE_HIDPI_IMAGES = YES;
				GCC_GENERATE_DEBUGGING_SYMBOLS = YES;
				GCC_INLINES_ARE_PRIVATE_EXTERN = NO;
				GCC_OPTIMIZATION_LEVEL = 0;
				GCC_PREPROCESSOR_DEFINITIONS = "'CMAKE_INTDIR=\"$(CONFIGURATION)$(EFFECTIVE_PLATFORM_NAME)\"'";
				GCC_SYMBOLS_PRIVATE_EXTERN = NO;
				HEADER_SEARCH_PATHS = (
					/usr/local/include,
					/usr/local/opt/openssl/include,
				);
				INSTALL_PATH = "";
				OTHER_LDFLAGS = " ";
				OTHER_REZFLAGS = "";
				PRODUCT_NAME = ZERO_CHECK;
				SECTORDER_FLAGS = "";
				SYMROOT = "/Users/KrazyK/Documents/Udacity/CarND-Path-Planning/CarND-Path-Planning-Project-Submission";
				USE_HEADERMAP = NO;
				WARNING_CFLAGS = (
					"-Wmost",
					"-Wno-four-char-constants",
					"-Wno-unknown-pragmas",
					"$(inherited)",
				);
			};
			name = Debug;
		};
		BDE633515C294809BBAA6D5F /* Release */ = {
			isa = XCBuildConfiguration;
			buildSettings = {
				MACOSX_DEPLOYMENT_TARGET = 10.12;
				ONLY_ACTIVE_ARCH = YES;
				SDKROOT = /Applications/Xcode.app/Contents/Developer/Platforms/MacOSX.platform/Developer/SDKs/MacOSX10.13.sdk;
				SYMROOT = "/Users/KrazyK/Documents/Udacity/CarND-Path-Planning/CarND-Path-Planning-Project-Submission/build";
			};
			name = Release;
		};
		C516D3AA94BE4DCF97840F83 /* MinSizeRel */ = {
			isa = XCBuildConfiguration;
			buildSettings = {
				COMBINE_HIDPI_IMAGES = YES;
				GCC_GENERATE_DEBUGGING_SYMBOLS = YES;
				GCC_INLINES_ARE_PRIVATE_EXTERN = NO;
				GCC_OPTIMIZATION_LEVEL = 0;
				GCC_PREPROCESSOR_DEFINITIONS = "'CMAKE_INTDIR=\"$(CONFIGURATION)$(EFFECTIVE_PLATFORM_NAME)\"'";
				GCC_SYMBOLS_PRIVATE_EXTERN = NO;
				HEADER_SEARCH_PATHS = (
					/usr/local/include,
					/usr/local/opt/openssl/include,
				);
				INSTALL_PATH = "";
				OTHER_LDFLAGS = " ";
				OTHER_REZFLAGS = "";
				PRODUCT_NAME = ZERO_CHECK;
				SECTORDER_FLAGS = "";
				SYMROOT = "/Users/KrazyK/Documents/Udacity/CarND-Path-Planning/CarND-Path-Planning-Project-Submission";
				USE_HEADERMAP = NO;
				WARNING_CFLAGS = (
					"-Wmost",
					"-Wno-four-char-constants",
					"-Wno-unknown-pragmas",
					"$(inherited)",
				);
			};
			name = MinSizeRel;
		};
		C59E63BDE29B491895DB0EA1 /* Release */ = {
			isa = XCBuildConfiguration;
			buildSettings = {
				COMBINE_HIDPI_IMAGES = YES;
				GCC_GENERATE_DEBUGGING_SYMBOLS = YES;
				GCC_INLINES_ARE_PRIVATE_EXTERN = NO;
				GCC_OPTIMIZATION_LEVEL = 0;
				GCC_PREPROCESSOR_DEFINITIONS = "'CMAKE_INTDIR=\"$(CONFIGURATION)$(EFFECTIVE_PLATFORM_NAME)\"'";
				GCC_SYMBOLS_PRIVATE_EXTERN = NO;
				HEADER_SEARCH_PATHS = (
					/usr/local/include,
					/usr/local/opt/openssl/include,
				);
				INSTALL_PATH = "";
				OTHER_LDFLAGS = " ";
				OTHER_REZFLAGS = "";
				PRODUCT_NAME = ALL_BUILD;
				SECTORDER_FLAGS = "";
				SYMROOT = "/Users/KrazyK/Documents/Udacity/CarND-Path-Planning/CarND-Path-Planning-Project-Submission";
				USE_HEADERMAP = NO;
				WARNING_CFLAGS = (
					"-Wmost",
					"-Wno-four-char-constants",
					"-Wno-unknown-pragmas",
					"$(inherited)",
				);
			};
			name = Release;
		};
		EBB4A960917A4805AA39DB93 /* MinSizeRel */ = {
			isa = XCBuildConfiguration;
			buildSettings = {
				MACOSX_DEPLOYMENT_TARGET = 10.12;
				ONLY_ACTIVE_ARCH = YES;
				SDKROOT = /Applications/Xcode.app/Contents/Developer/Platforms/MacOSX.platform/Developer/SDKs/MacOSX10.13.sdk;
				SYMROOT = "/Users/KrazyK/Documents/Udacity/CarND-Path-Planning/CarND-Path-Planning-Project-Submission/build";
			};
			name = MinSizeRel;
		};
		EF6E7995794D4E2FB828E824 /* Debug */ = {
			isa = XCBuildConfiguration;
			buildSettings = {
				COMBINE_HIDPI_IMAGES = YES;
				GCC_GENERATE_DEBUGGING_SYMBOLS = YES;
				GCC_INLINES_ARE_PRIVATE_EXTERN = NO;
				GCC_OPTIMIZATION_LEVEL = 0;
				GCC_PREPROCESSOR_DEFINITIONS = "'CMAKE_INTDIR=\"$(CONFIGURATION)$(EFFECTIVE_PLATFORM_NAME)\"'";
				GCC_SYMBOLS_PRIVATE_EXTERN = NO;
				HEADER_SEARCH_PATHS = (
					/usr/local/include,
					/usr/local/opt/openssl/include,
				);
				INSTALL_PATH = "";
				OTHER_LDFLAGS = " ";
				OTHER_REZFLAGS = "";
				PRODUCT_NAME = ALL_BUILD;
				SECTORDER_FLAGS = "";
				SYMROOT = "/Users/KrazyK/Documents/Udacity/CarND-Path-Planning/CarND-Path-Planning-Project-Submission";
				USE_HEADERMAP = NO;
				WARNING_CFLAGS = (
					"-Wmost",
					"-Wno-four-char-constants",
					"-Wno-unknown-pragmas",
					"$(inherited)",
				);
			};
			name = Debug;
		};
/* End XCBuildConfiguration section */

/* Begin XCConfigurationList section */
		0761D2BEEB3F4FDA8C7508B6 /* Build configuration list for PBXProject "Path_Planning" */ = {
			isa = XCConfigurationList;
			buildConfigurations = (
				9CBB62B180B24B6F88A287CA /* Debug */,
				BDE633515C294809BBAA6D5F /* Release */,
				EBB4A960917A4805AA39DB93 /* MinSizeRel */,
				693C51B5413E4FAABDD076AE /* RelWithDebInfo */,
			);
			defaultConfigurationIsVisible = 0;
			defaultConfigurationName = Debug;
		};
		0D7793B4FD174FACADAC998F /* Build configuration list for PBXAggregateTarget "ALL_BUILD" */ = {
			isa = XCConfigurationList;
			buildConfigurations = (
				EF6E7995794D4E2FB828E824 /* Debug */,
				C59E63BDE29B491895DB0EA1 /* Release */,
				8617CA9560C04852B328A85C /* MinSizeRel */,
				7A2CD702F6E042D096876F06 /* RelWithDebInfo */,
			);
			defaultConfigurationIsVisible = 0;
			defaultConfigurationName = Debug;
		};
		3F834EFA1C9146D08BED5D98 /* Build configuration list for PBXAggregateTarget "ZERO_CHECK" */ = {
			isa = XCConfigurationList;
			buildConfigurations = (
				AEFDC2B6F99A4D06AFD29AA7 /* Debug */,
				0838F63C25AC4FFE9550CA52 /* Release */,
				C516D3AA94BE4DCF97840F83 /* MinSizeRel */,
				8E67063E607A4DE18CC346F3 /* RelWithDebInfo */,
			);
			defaultConfigurationIsVisible = 0;
			defaultConfigurationName = Debug;
		};
		BD32A4A1DE744AD89B0F5115 /* Build configuration list for PBXNativeTarget "path_planning" */ = {
			isa = XCConfigurationList;
			buildConfigurations = (
				4D06E82823CE4CD794BD6E1F /* Debug */,
				23CEED11E8704E66B375B014 /* Release */,
				18757603A400432386E047BD /* MinSizeRel */,
				373C0C32790C496CA7042688 /* RelWithDebInfo */,
			);
			defaultConfigurationIsVisible = 0;
			defaultConfigurationName = Debug;
		};
/* End XCConfigurationList section */
	};
	rootObject = 4CF4C6D4D9904B19B5AD542F /* Project object */;
}
